
Microsoft Visual Studio Solution File, Format Version 12.00
# Visual Studio Version 16
VisualStudioVersion = 16.0.29306.81
MinimumVisualStudioVersion = 10.0.40219.1
Project("{FAE04EC0-301F-11D3-BF4B-00C04F79EFBC}") = "regExp", "regExp.csproj", "{B3015CA8-BD54-4230-8504-6445E78F69EF}"
EndProject
Global
	GlobalSection(SolutionConfigurationPlatforms) = preSolution
		Debug|Any CPU = Debug|Any CPU
		Release|Any CPU = Release|Any CPU
	EndGlobalSection
	GlobalSection(ProjectConfigurationPlatforms) = postSolution
		{B3015CA8-BD54-4230-8504-6445E78F69EF}.Debug|Any CPU.ActiveCfg = Debug|Any CPU
		{B3015CA8-BD54-4230-8504-6445E78F69EF}.Debug|Any CPU.Build.0 = Debug|Any CPU
		{B3015CA8-BD54-4230-8504-6445E78F69EF}.Release|Any CPU.ActiveCfg = Release|Any CPU
		{B3015CA8-BD54-4230-8504-6445E78F69EF}.Release|Any CPU.Build.0 = Release|Any CPU
	EndGlobalSection
	GlobalSection(SolutionProperties) = preSolution
		HideSolutionNode = FALSE
	EndGlobalSection
	GlobalSection(ExtensibilityGlobals) = postSolution
		SolutionGuid = {6B034F3B-D6B9-4ED1-84B0-3E39C1BE386A}
	EndGlobalSection
EndGlobal
