
Microsoft Visual Studio Solution File, Format Version 12.00
# Visual Studio Version 16
VisualStudioVersion = 16.0.29306.81
MinimumVisualStudioVersion = 10.0.40219.1
Project("{FAE04EC0-301F-11D3-BF4B-00C04F79EFBC}") = "delegate", "delegate.csproj", "{C064828B-5EE3-477D-A05C-0846B21EB9B3}"
EndProject
Global
	GlobalSection(SolutionConfigurationPlatforms) = preSolution
		Debug|Any CPU = Debug|Any CPU
		Release|Any CPU = Release|Any CPU
	EndGlobalSection
	GlobalSection(ProjectConfigurationPlatforms) = postSolution
		{C064828B-5EE3-477D-A05C-0846B21EB9B3}.Debug|Any CPU.ActiveCfg = Debug|Any CPU
		{C064828B-5EE3-477D-A05C-0846B21EB9B3}.Debug|Any CPU.Build.0 = Debug|Any CPU
		{C064828B-5EE3-477D-A05C-0846B21EB9B3}.Release|Any CPU.ActiveCfg = Release|Any CPU
		{C064828B-5EE3-477D-A05C-0846B21EB9B3}.Release|Any CPU.Build.0 = Release|Any CPU
	EndGlobalSection
	GlobalSection(SolutionProperties) = preSolution
		HideSolutionNode = FALSE
	EndGlobalSection
	GlobalSection(ExtensibilityGlobals) = postSolution
		SolutionGuid = {E2B6C408-5736-44EC-B7D7-BBC5D58C0820}
	EndGlobalSection
EndGlobal
