
Microsoft Visual Studio Solution File, Format Version 12.00
# Visual Studio Version 16
VisualStudioVersion = 16.0.29418.71
MinimumVisualStudioVersion = 10.0.40219.1
Project("{FAE04EC0-301F-11D3-BF4B-00C04F79EFBC}") = "classes", "classes.csproj", "{F6062B26-5691-4481-8F28-33ED161CF53D}"
EndProject
Global
	GlobalSection(SolutionConfigurationPlatforms) = preSolution
		Debug|Any CPU = Debug|Any CPU
		Release|Any CPU = Release|Any CPU
	EndGlobalSection
	GlobalSection(ProjectConfigurationPlatforms) = postSolution
		{F6062B26-5691-4481-8F28-33ED161CF53D}.Debug|Any CPU.ActiveCfg = Debug|Any CPU
		{F6062B26-5691-4481-8F28-33ED161CF53D}.Debug|Any CPU.Build.0 = Debug|Any CPU
		{F6062B26-5691-4481-8F28-33ED161CF53D}.Release|Any CPU.ActiveCfg = Release|Any CPU
		{F6062B26-5691-4481-8F28-33ED161CF53D}.Release|Any CPU.Build.0 = Release|Any CPU
	EndGlobalSection
	GlobalSection(SolutionProperties) = preSolution
		HideSolutionNode = FALSE
	EndGlobalSection
	GlobalSection(ExtensibilityGlobals) = postSolution
		SolutionGuid = {65591307-588D-4C67-B634-68E32718EF2C}
	EndGlobalSection
EndGlobal
