
Microsoft Visual Studio Solution File, Format Version 12.00
# Visual Studio Version 16
VisualStudioVersion = 16.0.29306.81
MinimumVisualStudioVersion = 10.0.40219.1
Project("{FAE04EC0-301F-11D3-BF4B-00C04F79EFBC}") = "xml_goodsCatalogue", "xml_goodsCatalogue.csproj", "{44504010-D220-4562-A9FE-E5EE8D0E03BA}"
EndProject
Global
	GlobalSection(SolutionConfigurationPlatforms) = preSolution
		Debug|Any CPU = Debug|Any CPU
		Release|Any CPU = Release|Any CPU
	EndGlobalSection
	GlobalSection(ProjectConfigurationPlatforms) = postSolution
		{44504010-D220-4562-A9FE-E5EE8D0E03BA}.Debug|Any CPU.ActiveCfg = Debug|Any CPU
		{44504010-D220-4562-A9FE-E5EE8D0E03BA}.Debug|Any CPU.Build.0 = Debug|Any CPU
		{44504010-D220-4562-A9FE-E5EE8D0E03BA}.Release|Any CPU.ActiveCfg = Release|Any CPU
		{44504010-D220-4562-A9FE-E5EE8D0E03BA}.Release|Any CPU.Build.0 = Release|Any CPU
	EndGlobalSection
	GlobalSection(SolutionProperties) = preSolution
		HideSolutionNode = FALSE
	EndGlobalSection
	GlobalSection(ExtensibilityGlobals) = postSolution
		SolutionGuid = {3590B14A-3E13-4B5C-9B46-5DD00A8AE5F5}
	EndGlobalSection
EndGlobal
