
Microsoft Visual Studio Solution File, Format Version 12.00
# Visual Studio Version 16
VisualStudioVersion = 16.0.29418.71
MinimumVisualStudioVersion = 10.0.40219.1
Project("{FAE04EC0-301F-11D3-BF4B-00C04F79EFBC}") = "formula_one", "formula_one.csproj", "{88ED6D94-31FD-4CD2-A9B7-68F795942ABB}"
EndProject
Global
	GlobalSection(SolutionConfigurationPlatforms) = preSolution
		Debug|Any CPU = Debug|Any CPU
		Release|Any CPU = Release|Any CPU
	EndGlobalSection
	GlobalSection(ProjectConfigurationPlatforms) = postSolution
		{88ED6D94-31FD-4CD2-A9B7-68F795942ABB}.Debug|Any CPU.ActiveCfg = Debug|Any CPU
		{88ED6D94-31FD-4CD2-A9B7-68F795942ABB}.Debug|Any CPU.Build.0 = Debug|Any CPU
		{88ED6D94-31FD-4CD2-A9B7-68F795942ABB}.Release|Any CPU.ActiveCfg = Release|Any CPU
		{88ED6D94-31FD-4CD2-A9B7-68F795942ABB}.Release|Any CPU.Build.0 = Release|Any CPU
	EndGlobalSection
	GlobalSection(SolutionProperties) = preSolution
		HideSolutionNode = FALSE
	EndGlobalSection
	GlobalSection(ExtensibilityGlobals) = postSolution
		SolutionGuid = {94C92437-FAC1-45D2-BF11-CE1EEB9634B8}
	EndGlobalSection
EndGlobal
